
Microsoft Visual Studio Solution File, Format Version 12.00
# Visual Studio Version 17
VisualStudioVersion = 17.9.34310.174
MinimumVisualStudioVersion = 10.0.40219.1
Project("{9A19103F-16F7-4668-BE54-9A1E7A4F7556}") = "WebAPI", "WebAPI\WebAPI.csproj", "{B2EF3C6C-F4F8-41CA-BDCB-6B82DB0E117B}"
EndProject
Project("{2150E333-8FDC-42A3-9474-1A3956D46DE8}") = "Solution Items", "Solution Items", "{9C242FCD-2983-49C1-8E3F-86B79592EFB4}"
	ProjectSection(SolutionItems) = preProject
		README.md = README.md
	EndProjectSection
EndProject
Global
	GlobalSection(SolutionConfigurationPlatforms) = preSolution
		Debug|Any CPU = Debug|Any CPU
		Release|Any CPU = Release|Any CPU
	EndGlobalSection
	GlobalSection(ProjectConfigurationPlatforms) = postSolution
		{B2EF3C6C-F4F8-41CA-BDCB-6B82DB0E117B}.Debug|Any CPU.ActiveCfg = Debug|Any CPU
		{B2EF3C6C-F4F8-41CA-BDCB-6B82DB0E117B}.Debug|Any CPU.Build.0 = Debug|Any CPU
		{B2EF3C6C-F4F8-41CA-BDCB-6B82DB0E117B}.Release|Any CPU.ActiveCfg = Release|Any CPU
		{B2EF3C6C-F4F8-41CA-BDCB-6B82DB0E117B}.Release|Any CPU.Build.0 = Release|Any CPU
	EndGlobalSection
	GlobalSection(SolutionProperties) = preSolution
		HideSolutionNode = FALSE
	EndGlobalSection
	GlobalSection(ExtensibilityGlobals) = postSolution
		SolutionGuid = {8CBEC22D-C56C-4BB6-8746-EDE6D8839321}
	EndGlobalSection
EndGlobal
